{
  "originHash" : "103a704dca22b216fd587f794d5e5af6d068a00365e6c60e7a6a22fe6800bd0d",
  "pins" : [
    {
      "identity" : "nuke",
      "kind" : "remoteSourceControl",
      "location" : "https://github.com/kean/Nuke.git",
      "state" : {
        "revision" : "83e19143355b02e9261edb2323b3e1e93287ebb9",
        "version" : "12.9.0"
      }
    }
  ],
  "version" : 3
}
